
Microsoft Visual Studio Solution File, Format Version 12.00
# Visual Studio Version 17
VisualStudioVersion = 17.3.32901.215
MinimumVisualStudioVersion = 10.0.40219.1
Project("{FAE04EC0-301F-11D3-BF4B-00C04F79EFBC}") = "Module 11 VoiceTexterBot", "Module 11 VoiceTexterBot\Module 11 VoiceTexterBot.csproj", "{2DD95819-DC7F-4DBB-8B03-8D884C70686B}"
EndProject
Global
	GlobalSection(SolutionConfigurationPlatforms) = preSolution
		Debug|Any CPU = Debug|Any CPU
		Release|Any CPU = Release|Any CPU
	EndGlobalSection
	GlobalSection(ProjectConfigurationPlatforms) = postSolution
		{2DD95819-DC7F-4DBB-8B03-8D884C70686B}.Debug|Any CPU.ActiveCfg = Debug|Any CPU
		{2DD95819-DC7F-4DBB-8B03-8D884C70686B}.Debug|Any CPU.Build.0 = Debug|Any CPU
		{2DD95819-DC7F-4DBB-8B03-8D884C70686B}.Release|Any CPU.ActiveCfg = Release|Any CPU
		{2DD95819-DC7F-4DBB-8B03-8D884C70686B}.Release|Any CPU.Build.0 = Release|Any CPU
	EndGlobalSection
	GlobalSection(SolutionProperties) = preSolution
		HideSolutionNode = FALSE
	EndGlobalSection
	GlobalSection(ExtensibilityGlobals) = postSolution
		SolutionGuid = {F79E60F7-EC20-4F84-A0BB-934754244560}
	EndGlobalSection
EndGlobal
